
Microsoft Visual Studio Solution File, Format Version 12.00
# Visual Studio Version 17
VisualStudioVersion = 17.5.002.0
MinimumVisualStudioVersion = 10.0.40219.1
Project("{9A19103F-16F7-4668-BE54-9A1E7A4F7556}") = "raylib game", "raylib game.csproj", "{C5856A50-E8B3-4523-B20F-0E4E7D32E6AA}"
EndProject
Global
	GlobalSection(SolutionConfigurationPlatforms) = preSolution
		Debug|Any CPU = Debug|Any CPU
		Release|Any CPU = Release|Any CPU
	EndGlobalSection
	GlobalSection(ProjectConfigurationPlatforms) = postSolution
		{C5856A50-E8B3-4523-B20F-0E4E7D32E6AA}.Debug|Any CPU.ActiveCfg = Debug|Any CPU
		{C5856A50-E8B3-4523-B20F-0E4E7D32E6AA}.Debug|Any CPU.Build.0 = Debug|Any CPU
		{C5856A50-E8B3-4523-B20F-0E4E7D32E6AA}.Release|Any CPU.ActiveCfg = Release|Any CPU
		{C5856A50-E8B3-4523-B20F-0E4E7D32E6AA}.Release|Any CPU.Build.0 = Release|Any CPU
	EndGlobalSection
	GlobalSection(SolutionProperties) = preSolution
		HideSolutionNode = FALSE
	EndGlobalSection
	GlobalSection(ExtensibilityGlobals) = postSolution
		SolutionGuid = {863C5FC6-7CA4-4FC5-B8B1-1F6396466F49}
	EndGlobalSection
EndGlobal
